PODS:
  - boost-for-react-native (1.63.0)
  - DoubleConversion (1.1.6)
  - EXApplication (4.0.0):
    - ExpoModulesCore
  - EXAV (10.1.3):
    - ExpoModulesCore
  - EXBlur (10.0.3):
    - ExpoModulesCore
  - EXConstants (12.1.3):
    - ExpoModulesCore
  - EXFileSystem (13.0.3):
    - ExpoModulesCore
  - EXFont (10.0.3):
    - ExpoModulesCore
  - EXJSONUtils (0.2.0)
  - EXKeepAwake (10.0.0):
    - ExpoModulesCore
  - EXLinearGradient (10.0.3):
    - ExpoModulesCore
  - EXManifests (0.2.2):
    - EXJSONUtils
  - EXPermissions (13.0.3):
    - ExpoModulesCore
  - Expo (43.0.0):
    - ExpoModulesCore
  - expo-dev-client (0.6.3):
    - EXManifests
    - expo-dev-launcher
    - expo-dev-menu
    - expo-dev-menu-interface
    - EXUpdatesInterface
  - expo-dev-launcher (0.8.4):
    - EXManifests
    - expo-dev-launcher/Main (= 0.8.4)
    - expo-dev-menu-interface
    - EXUpdatesInterface
    - React-Core
  - expo-dev-launcher/Main (0.8.4):
    - EXManifests
    - expo-dev-launcher/Unsafe
    - expo-dev-menu-interface
    - EXUpdatesInterface
    - React-Core
  - expo-dev-launcher/Unsafe (0.8.4):
    - EXManifests
    - expo-dev-menu-interface
    - EXUpdatesInterface
    - React-Core
  - expo-dev-menu (0.8.4):
    - expo-dev-menu-interface
    - expo-dev-menu/Main (= 0.8.4)
    - React-Core
  - expo-dev-menu-interface (0.4.1)
  - expo-dev-menu/Main (0.8.4):
    - expo-dev-menu-interface
    - expo-dev-menu/Vendored
    - React-Core
  - expo-dev-menu/Vendored (0.8.4):
    - expo-dev-menu-interface
    - React-Core
  - ExpoModulesCore (0.4.4):
    - React-Core
  - EXSplashScreen (0.13.5):
    - ExpoModulesCore
    - React-Core
  - EXStructuredHeaders (2.0.0)
  - EXUpdates (0.10.12):
    - EXManifests
    - ExpoModulesCore
    - EXStructuredHeaders
    - EXUpdatesInterface
    - React-Core
  - EXUpdatesInterface (0.4.0)
  - FBLazyVector (0.64.2)
  - FBReactNativeSpec (0.64.2):
    - RCT-Folly (= 2020.01.13.00)
    - RCTRequired (= 0.64.2)
    - RCTTypeSafety (= 0.64.2)
    - React-Core (= 0.64.2)
    - React-jsi (= 0.64.2)
    - ReactCommon/turbomodule/core (= 0.64.2)
  - glog (0.3.5)
  - NodeMediaClient (2.9.6)
  - RCT-Folly (2020.01.13.00):
    - boost-for-react-native
    - DoubleConversion
    - glog
    - RCT-Folly/Default (= 2020.01.13.00)
  - RCT-Folly/Default (2020.01.13.00):
    - boost-for-react-native
    - DoubleConversion
    - glog
  - RCTRequired (0.64.2)
  - RCTTypeSafety (0.64.2):
    - FBLazyVector (= 0.64.2)
    - RCT-Folly (= 2020.01.13.00)
    - RCTRequired (= 0.64.2)
    - React-Core (= 0.64.2)
  - React (0.64.2):
    - React-Core (= 0.64.2)
    - React-Core/DevSupport (= 0.64.2)
    - React-Core/RCTWebSocket (= 0.64.2)
    - React-RCTActionSheet (= 0.64.2)
    - React-RCTAnimation (= 0.64.2)
    - React-RCTBlob (= 0.64.2)
    - React-RCTImage (= 0.64.2)
    - React-RCTLinking (= 0.64.2)
    - React-RCTNetwork (= 0.64.2)
    - React-RCTSettings (= 0.64.2)
    - React-RCTText (= 0.64.2)
    - React-RCTVibration (= 0.64.2)
  - React-callinvoker (0.64.2)
  - React-Core (0.64.2):
    - glog
    - RCT-Folly (= 2020.01.13.00)
    - React-Core/Default (= 0.64.2)
    - React-cxxreact (= 0.64.2)
    - React-jsi (= 0.64.2)
    - React-jsiexecutor (= 0.64.2)
    - React-perflogger (= 0.64.2)
    - Yoga
  - React-Core/CoreModulesHeaders (0.64.2):
    - glog
    - RCT-Folly (= 2020.01.13.00)
    - React-Core/Default
    - React-cxxreact (= 0.64.2)
    - React-jsi (= 0.64.2)
    - React-jsiexecutor (= 0.64.2)
    - React-perflogger (= 0.64.2)
    - Yoga
  - React-Core/Default (0.64.2):
    - glog
    - RCT-Folly (= 2020.01.13.00)
    - React-cxxreact (= 0.64.2)
    - React-jsi (= 0.64.2)
    - React-jsiexecutor (= 0.64.2)
    - React-perflogger (= 0.64.2)
    - Yoga
  - React-Core/DevSupport (0.64.2):
    - glog
    - RCT-Folly (= 2020.01.13.00)
    - React-Core/Default (= 0.64.2)
    - React-Core/RCTWebSocket (= 0.64.2)
    - React-cxxreact (= 0.64.2)
    - React-jsi (= 0.64.2)
    - React-jsiexecutor (= 0.64.2)
    - React-jsinspector (= 0.64.2)
    - React-perflogger (= 0.64.2)
    - Yoga
  - React-Core/RCTActionSheetHeaders (0.64.2):
    - glog
    - RCT-Folly (= 2020.01.13.00)
    - React-Core/Default
    - React-cxxreact (= 0.64.2)
    - React-jsi (= 0.64.2)
    - React-jsiexecutor (= 0.64.2)
    - React-perflogger (= 0.64.2)
    - Yoga
  - React-Core/RCTAnimationHeaders (0.64.2):
    - glog
    - RCT-Folly (= 2020.01.13.00)
    - React-Core/Default
    - React-cxxreact (= 0.64.2)
    - React-jsi (= 0.64.2)
    - React-jsiexecutor (= 0.64.2)
    - React-perflogger (= 0.64.2)
    - Yoga
  - React-Core/RCTBlobHeaders (0.64.2):
    - glog
    - RCT-Folly (= 2020.01.13.00)
    - React-Core/Default
    - React-cxxreact (= 0.64.2)
    - React-jsi (= 0.64.2)
    - React-jsiexecutor (= 0.64.2)
    - React-perflogger (= 0.64.2)
    - Yoga
  - React-Core/RCTImageHeaders (0.64.2):
    - glog
    - RCT-Folly (= 2020.01.13.00)
    - React-Core/Default
    - React-cxxreact (= 0.64.2)
    - React-jsi (= 0.64.2)
    - React-jsiexecutor (= 0.64.2)
    - React-perflogger (= 0.64.2)
    - Yoga
  - React-Core/RCTLinkingHeaders (0.64.2):
    - glog
    - RCT-Folly (= 2020.01.13.00)
    - React-Core/Default
    - React-cxxreact (= 0.64.2)
    - React-jsi (= 0.64.2)
    - React-jsiexecutor (= 0.64.2)
    - React-perflogger (= 0.64.2)
    - Yoga
  - React-Core/RCTNetworkHeaders (0.64.2):
    - glog
    - RCT-Folly (= 2020.01.13.00)
    - React-Core/Default
    - React-cxxreact (= 0.64.2)
    - React-jsi (= 0.64.2)
    - React-jsiexecutor (= 0.64.2)
    - React-perflogger (= 0.64.2)
    - Yoga
  - React-Core/RCTSettingsHeaders (0.64.2):
    - glog
    - RCT-Folly (= 2020.01.13.00)
    - React-Core/Default
    - React-cxxreact (= 0.64.2)
    - React-jsi (= 0.64.2)
    - React-jsiexecutor (= 0.64.2)
    - React-perflogger (= 0.64.2)
    - Yoga
  - React-Core/RCTTextHeaders (0.64.2):
    - glog
    - RCT-Folly (= 2020.01.13.00)
    - React-Core/Default
    - React-cxxreact (= 0.64.2)
    - React-jsi (= 0.64.2)
    - React-jsiexecutor (= 0.64.2)
    - React-perflogger (= 0.64.2)
    - Yoga
  - React-Core/RCTVibrationHeaders (0.64.2):
    - glog
    - RCT-Folly (= 2020.01.13.00)
    - React-Core/Default
    - React-cxxreact (= 0.64.2)
    - React-jsi (= 0.64.2)
    - React-jsiexecutor (= 0.64.2)
    - React-perflogger (= 0.64.2)
    - Yoga
  - React-Core/RCTWebSocket (0.64.2):
    - glog
    - RCT-Folly (= 2020.01.13.00)
    - React-Core/Default (= 0.64.2)
    - React-cxxreact (= 0.64.2)
    - React-jsi (= 0.64.2)
    - React-jsiexecutor (= 0.64.2)
    - React-perflogger (= 0.64.2)
    - Yoga
  - React-CoreModules (0.64.2):
    - FBReactNativeSpec (= 0.64.2)
    - RCT-Folly (= 2020.01.13.00)
    - RCTTypeSafety (= 0.64.2)
    - React-Core/CoreModulesHeaders (= 0.64.2)
    - React-jsi (= 0.64.2)
    - React-RCTImage (= 0.64.2)
    - ReactCommon/turbomodule/core (= 0.64.2)
  - React-cxxreact (0.64.2):
    - boost-for-react-native (= 1.63.0)
    - DoubleConversion
    - glog
    - RCT-Folly (= 2020.01.13.00)
    - React-callinvoker (= 0.64.2)
    - React-jsi (= 0.64.2)
    - React-jsinspector (= 0.64.2)
    - React-perflogger (= 0.64.2)
    - React-runtimeexecutor (= 0.64.2)
  - React-jsi (0.64.2):
    - boost-for-react-native (= 1.63.0)
    - DoubleConversion
    - glog
    - RCT-Folly (= 2020.01.13.00)
    - React-jsi/Default (= 0.64.2)
  - React-jsi/Default (0.64.2):
    - boost-for-react-native (= 1.63.0)
    - DoubleConversion
    - glog
    - RCT-Folly (= 2020.01.13.00)
  - React-jsiexecutor (0.64.2):
    - DoubleConversion
    - glog
    - RCT-Folly (= 2020.01.13.00)
    - React-cxxreact (= 0.64.2)
    - React-jsi (= 0.64.2)
    - React-perflogger (= 0.64.2)
  - React-jsinspector (0.64.2)
  - react-native-nodemediaclient (0.2.17):
    - NodeMediaClient (= 2.9.6)
    - React
    - react-native-nodemediaclient/RCTNodeMediaClient (= 0.2.17)
  - react-native-nodemediaclient/RCTNodeMediaClient (0.2.17):
    - NodeMediaClient (= 2.9.6)
    - React
  - react-native-randombytes (3.6.1):
    - React-Core
  - react-native-safe-area-context (3.3.2):
    - React-Core
  - react-native-video (5.2.0):
    - React-Core
    - react-native-video/Video (= 5.2.0)
  - react-native-video/Video (5.2.0):
    - React-Core
  - react-native-webview (11.13.0):
    - React-Core
  - React-perflogger (0.64.2)
  - React-RCTActionSheet (0.64.2):
    - React-Core/RCTActionSheetHeaders (= 0.64.2)
  - React-RCTAnimation (0.64.2):
    - FBReactNativeSpec (= 0.64.2)
    - RCT-Folly (= 2020.01.13.00)
    - RCTTypeSafety (= 0.64.2)
    - React-Core/RCTAnimationHeaders (= 0.64.2)
    - React-jsi (= 0.64.2)
    - ReactCommon/turbomodule/core (= 0.64.2)
  - React-RCTBlob (0.64.2):
    - FBReactNativeSpec (= 0.64.2)
    - RCT-Folly (= 2020.01.13.00)
    - React-Core/RCTBlobHeaders (= 0.64.2)
    - React-Core/RCTWebSocket (= 0.64.2)
    - React-jsi (= 0.64.2)
    - React-RCTNetwork (= 0.64.2)
    - ReactCommon/turbomodule/core (= 0.64.2)
  - React-RCTImage (0.64.2):
    - FBReactNativeSpec (= 0.64.2)
    - RCT-Folly (= 2020.01.13.00)
    - RCTTypeSafety (= 0.64.2)
    - React-Core/RCTImageHeaders (= 0.64.2)
    - React-jsi (= 0.64.2)
    - React-RCTNetwork (= 0.64.2)
    - ReactCommon/turbomodule/core (= 0.64.2)
  - React-RCTLinking (0.64.2):
    - FBReactNativeSpec (= 0.64.2)
    - React-Core/RCTLinkingHeaders (= 0.64.2)
    - React-jsi (= 0.64.2)
    - ReactCommon/turbomodule/core (= 0.64.2)
  - React-RCTNetwork (0.64.2):
    - FBReactNativeSpec (= 0.64.2)
    - RCT-Folly (= 2020.01.13.00)
    - RCTTypeSafety (= 0.64.2)
    - React-Core/RCTNetworkHeaders (= 0.64.2)
    - React-jsi (= 0.64.2)
    - ReactCommon/turbomodule/core (= 0.64.2)
  - React-RCTSettings (0.64.2):
    - FBReactNativeSpec (= 0.64.2)
    - RCT-Folly (= 2020.01.13.00)
    - RCTTypeSafety (= 0.64.2)
    - React-Core/RCTSettingsHeaders (= 0.64.2)
    - React-jsi (= 0.64.2)
    - ReactCommon/turbomodule/core (= 0.64.2)
  - React-RCTText (0.64.2):
    - React-Core/RCTTextHeaders (= 0.64.2)
  - React-RCTVibration (0.64.2):
    - FBReactNativeSpec (= 0.64.2)
    - RCT-Folly (= 2020.01.13.00)
    - React-Core/RCTVibrationHeaders (= 0.64.2)
    - React-jsi (= 0.64.2)
    - ReactCommon/turbomodule/core (= 0.64.2)
  - React-runtimeexecutor (0.64.2):
    - React-jsi (= 0.64.2)
  - ReactCommon/turbomodule/core (0.64.2):
    - DoubleConversion
    - glog
    - RCT-Folly (= 2020.01.13.00)
    - React-callinvoker (= 0.64.2)
    - React-Core (= 0.64.2)
    - React-cxxreact (= 0.64.2)
    - React-jsi (= 0.64.2)
    - React-perflogger (= 0.64.2)
  - RNCAsyncStorage (1.15.9):
    - React-Core
  - RNDevMenu (4.0.2):
    - React-Core
    - React-Core/DevSupport
    - React-RCTNetwork
  - RNGestureHandler (1.10.3):
    - React-Core
  - RNImageCropPicker (0.36.4):
    - React-Core
    - React-RCTImage
    - RNImageCropPicker/QBImagePickerController (= 0.36.4)
    - TOCropViewController
  - RNImageCropPicker/QBImagePickerController (0.36.4):
    - React-Core
    - React-RCTImage
    - TOCropViewController
  - RNOS (1.2.6):
    - React
  - RNPermissions (2.2.2):
    - React-Core
  - RNReanimated (2.2.3):
    - DoubleConversion
    - FBLazyVector
    - FBReactNativeSpec
    - glog
    - RCT-Folly
    - RCTRequired
    - RCTTypeSafety
    - React
    - React-callinvoker
    - React-Core
    - React-Core/DevSupport
    - React-Core/RCTWebSocket
    - React-CoreModules
    - React-cxxreact
    - React-jsi
    - React-jsiexecutor
    - React-jsinspector
    - React-RCTActionSheet
    - React-RCTAnimation
    - React-RCTBlob
    - React-RCTImage
    - React-RCTLinking
    - React-RCTNetwork
    - React-RCTSettings
    - React-RCTText
    - React-RCTVibration
    - ReactCommon/turbomodule/core
    - Yoga
  - RNScreens (3.8.0):
    - React-Core
    - React-RCTImage
  - RNSVG (12.1.1):
    - React
  - RNVectorIcons (7.1.0):
    - React
  - TOCropViewController (2.6.0)
  - Yoga (1.14.0)

DEPENDENCIES:
  - DoubleConversion (from `../../../node_modules/react-native/third-party-podspecs/DoubleConversion.podspec`)
  - EXApplication (from `../../../node_modules/expo-application/ios`)
  - EXAV (from `../../../node_modules/expo-av/ios`)
  - EXBlur (from `../../../node_modules/expo-blur/ios`)
  - EXConstants (from `../../../node_modules/expo-constants/ios`)
  - EXFileSystem (from `../../../node_modules/expo-file-system/ios`)
  - EXFont (from `../../../node_modules/expo-font/ios`)
  - EXJSONUtils (from `../../../node_modules/expo-json-utils/ios`)
  - EXKeepAwake (from `../../../node_modules/expo-keep-awake/ios`)
  - EXLinearGradient (from `../../../node_modules/expo-linear-gradient/ios`)
  - EXManifests (from `../../../node_modules/expo-manifests/ios`)
  - EXPermissions (from `../../../node_modules/expo-permissions/ios`)
  - Expo (from `../../../node_modules/expo/ios`)
  - expo-dev-client (from `../../../node_modules/expo-dev-client`)
  - expo-dev-launcher (from `../../../node_modules/expo-dev-launcher`)
  - expo-dev-menu (from `../../../node_modules/expo-dev-menu`)
  - expo-dev-menu-interface (from `../../../node_modules/expo-dev-menu-interface`)
  - ExpoModulesCore (from `../../../node_modules/expo-modules-core/ios`)
  - EXSplashScreen (from `../../../node_modules/expo-splash-screen/ios`)
  - EXStructuredHeaders (from `../../../node_modules/expo-structured-headers/ios`)
  - EXUpdates (from `../../../node_modules/expo-updates/ios`)
  - EXUpdatesInterface (from `../../../node_modules/expo-updates-interface/ios`)
  - FBLazyVector (from `../../../node_modules/react-native/Libraries/FBLazyVector`)
  - FBReactNativeSpec (from `../../../node_modules/react-native/React/FBReactNativeSpec`)
  - glog (from `../../../node_modules/react-native/third-party-podspecs/glog.podspec`)
  - RCT-Folly (from `../../../node_modules/react-native/third-party-podspecs/RCT-Folly.podspec`)
  - RCTRequired (from `../../../node_modules/react-native/Libraries/RCTRequired`)
  - RCTTypeSafety (from `../../../node_modules/react-native/Libraries/TypeSafety`)
  - React (from `../../../node_modules/react-native/`)
  - React-callinvoker (from `../../../node_modules/react-native/ReactCommon/callinvoker`)
  - React-Core (from `../../../node_modules/react-native/`)
  - React-Core/DevSupport (from `../../../node_modules/react-native/`)
  - React-Core/RCTWebSocket (from `../../../node_modules/react-native/`)
  - React-CoreModules (from `../../../node_modules/react-native/React/CoreModules`)
  - React-cxxreact (from `../../../node_modules/react-native/ReactCommon/cxxreact`)
  - React-jsi (from `../../../node_modules/react-native/ReactCommon/jsi`)
  - React-jsiexecutor (from `../../../node_modules/react-native/ReactCommon/jsiexecutor`)
  - React-jsinspector (from `../../../node_modules/react-native/ReactCommon/jsinspector`)
  - react-native-nodemediaclient (from `../../../node_modules/react-native-nodemediaclient`)
  - react-native-randombytes (from `../../../node_modules/react-native-randombytes`)
  - react-native-safe-area-context (from `../../../node_modules/react-native-safe-area-context`)
  - react-native-video (from `../../../node_modules/react-native-video`)
  - react-native-webview (from `../../../node_modules/react-native-webview`)
  - React-perflogger (from `../../../node_modules/react-native/ReactCommon/reactperflogger`)
  - React-RCTActionSheet (from `../../../node_modules/react-native/Libraries/ActionSheetIOS`)
  - React-RCTAnimation (from `../../../node_modules/react-native/Libraries/NativeAnimation`)
  - React-RCTBlob (from `../../../node_modules/react-native/Libraries/Blob`)
  - React-RCTImage (from `../../../node_modules/react-native/Libraries/Image`)
  - React-RCTLinking (from `../../../node_modules/react-native/Libraries/LinkingIOS`)
  - React-RCTNetwork (from `../../../node_modules/react-native/Libraries/Network`)
  - React-RCTSettings (from `../../../node_modules/react-native/Libraries/Settings`)
  - React-RCTText (from `../../../node_modules/react-native/Libraries/Text`)
  - React-RCTVibration (from `../../../node_modules/react-native/Libraries/Vibration`)
  - React-runtimeexecutor (from `../../../node_modules/react-native/ReactCommon/runtimeexecutor`)
  - ReactCommon/turbomodule/core (from `../../../node_modules/react-native/ReactCommon`)
  - "RNCAsyncStorage (from `../../../node_modules/@react-native-async-storage/async-storage`)"
  - RNDevMenu (from `../../../node_modules/react-native-dev-menu`)
  - RNGestureHandler (from `../../../node_modules/react-native-gesture-handler`)
  - RNImageCropPicker (from `../../../node_modules/react-native-image-crop-picker`)
  - RNOS (from `../../../node_modules/react-native-os`)
  - RNPermissions (from `../../../node_modules/react-native-permissions`)
  - RNReanimated (from `../../../node_modules/react-native-reanimated`)
  - RNScreens (from `../../../node_modules/react-native-screens`)
  - RNSVG (from `../../../node_modules/react-native-svg`)
  - RNVectorIcons (from `../../../node_modules/react-native-vector-icons`)
  - Yoga (from `../../../node_modules/react-native/ReactCommon/yoga`)

SPEC REPOS:
  trunk:
    - boost-for-react-native
    - NodeMediaClient
    - TOCropViewController

EXTERNAL SOURCES:
  DoubleConversion:
    :podspec: "../../../node_modules/react-native/third-party-podspecs/DoubleConversion.podspec"
  EXApplication:
    :path: "../../../node_modules/expo-application/ios"
  EXAV:
    :path: "../../../node_modules/expo-av/ios"
  EXBlur:
    :path: "../../../node_modules/expo-blur/ios"
  EXConstants:
    :path: "../../../node_modules/expo-constants/ios"
  EXFileSystem:
    :path: "../../../node_modules/expo-file-system/ios"
  EXFont:
    :path: "../../../node_modules/expo-font/ios"
  EXJSONUtils:
    :path: "../../../node_modules/expo-json-utils/ios"
  EXKeepAwake:
    :path: "../../../node_modules/expo-keep-awake/ios"
  EXLinearGradient:
    :path: "../../../node_modules/expo-linear-gradient/ios"
  EXManifests:
    :path: "../../../node_modules/expo-manifests/ios"
  EXPermissions:
    :path: "../../../node_modules/expo-permissions/ios"
  Expo:
    :path: "../../../node_modules/expo/ios"
  expo-dev-client:
    :path: "../../../node_modules/expo-dev-client"
  expo-dev-launcher:
    :path: "../../../node_modules/expo-dev-launcher"
  expo-dev-menu:
    :path: "../../../node_modules/expo-dev-menu"
  expo-dev-menu-interface:
    :path: "../../../node_modules/expo-dev-menu-interface"
  ExpoModulesCore:
    :path: "../../../node_modules/expo-modules-core/ios"
  EXSplashScreen:
    :path: "../../../node_modules/expo-splash-screen/ios"
  EXStructuredHeaders:
    :path: "../../../node_modules/expo-structured-headers/ios"
  EXUpdates:
    :path: "../../../node_modules/expo-updates/ios"
  EXUpdatesInterface:
    :path: "../../../node_modules/expo-updates-interface/ios"
  FBLazyVector:
    :path: "../../../node_modules/react-native/Libraries/FBLazyVector"
  FBReactNativeSpec:
    :path: "../../../node_modules/react-native/React/FBReactNativeSpec"
  glog:
    :podspec: "../../../node_modules/react-native/third-party-podspecs/glog.podspec"
  RCT-Folly:
    :podspec: "../../../node_modules/react-native/third-party-podspecs/RCT-Folly.podspec"
  RCTRequired:
    :path: "../../../node_modules/react-native/Libraries/RCTRequired"
  RCTTypeSafety:
    :path: "../../../node_modules/react-native/Libraries/TypeSafety"
  React:
    :path: "../../../node_modules/react-native/"
  React-callinvoker:
    :path: "../../../node_modules/react-native/ReactCommon/callinvoker"
  React-Core:
    :path: "../../../node_modules/react-native/"
  React-CoreModules:
    :path: "../../../node_modules/react-native/React/CoreModules"
  React-cxxreact:
    :path: "../../../node_modules/react-native/ReactCommon/cxxreact"
  React-jsi:
    :path: "../../../node_modules/react-native/ReactCommon/jsi"
  React-jsiexecutor:
    :path: "../../../node_modules/react-native/ReactCommon/jsiexecutor"
  React-jsinspector:
    :path: "../../../node_modules/react-native/ReactCommon/jsinspector"
  react-native-nodemediaclient:
    :path: "../../../node_modules/react-native-nodemediaclient"
  react-native-randombytes:
    :path: "../../../node_modules/react-native-randombytes"
  react-native-safe-area-context:
    :path: "../../../node_modules/react-native-safe-area-context"
  react-native-video:
    :path: "../../../node_modules/react-native-video"
  react-native-webview:
    :path: "../../../node_modules/react-native-webview"
  React-perflogger:
    :path: "../../../node_modules/react-native/ReactCommon/reactperflogger"
  React-RCTActionSheet:
    :path: "../../../node_modules/react-native/Libraries/ActionSheetIOS"
  React-RCTAnimation:
    :path: "../../../node_modules/react-native/Libraries/NativeAnimation"
  React-RCTBlob:
    :path: "../../../node_modules/react-native/Libraries/Blob"
  React-RCTImage:
    :path: "../../../node_modules/react-native/Libraries/Image"
  React-RCTLinking:
    :path: "../../../node_modules/react-native/Libraries/LinkingIOS"
  React-RCTNetwork:
    :path: "../../../node_modules/react-native/Libraries/Network"
  React-RCTSettings:
    :path: "../../../node_modules/react-native/Libraries/Settings"
  React-RCTText:
    :path: "../../../node_modules/react-native/Libraries/Text"
  React-RCTVibration:
    :path: "../../../node_modules/react-native/Libraries/Vibration"
  React-runtimeexecutor:
    :path: "../../../node_modules/react-native/ReactCommon/runtimeexecutor"
  ReactCommon:
    :path: "../../../node_modules/react-native/ReactCommon"
  RNCAsyncStorage:
    :path: "../../../node_modules/@react-native-async-storage/async-storage"
  RNDevMenu:
    :path: "../../../node_modules/react-native-dev-menu"
  RNGestureHandler:
    :path: "../../../node_modules/react-native-gesture-handler"
  RNImageCropPicker:
    :path: "../../../node_modules/react-native-image-crop-picker"
  RNOS:
    :path: "../../../node_modules/react-native-os"
  RNPermissions:
    :path: "../../../node_modules/react-native-permissions"
  RNReanimated:
    :path: "../../../node_modules/react-native-reanimated"
  RNScreens:
    :path: "../../../node_modules/react-native-screens"
  RNSVG:
    :path: "../../../node_modules/react-native-svg"
  RNVectorIcons:
    :path: "../../../node_modules/react-native-vector-icons"
  Yoga:
    :path: "../../../node_modules/react-native/ReactCommon/yoga"

SPEC CHECKSUMS:
  boost-for-react-native: 39c7adb57c4e60d6c5479dd8623128eb5b3f0f2c
  DoubleConversion: cf9b38bf0b2d048436d9a82ad2abe1404f11e7de
  EXApplication: 0e15240e4d125b62f1cae48759ffbbd32b9286a6
  EXAV: 8adf9a1c0161144d77e96149a1e5a5f9358be290
  EXBlur: 71eea96f591726398c1d41f0a8eb527b6c65660e
  EXConstants: 6d585d93723b18d7a8c283591a335609e3bc153e
  EXFileSystem: 99aac7962c11c680681819dd9cbca24e20e5b1e7
  EXFont: 2e1c6fe726d008a039db80df95f48b4921b7fe59
  EXJSONUtils: f515cf71710855d7ba5bfc6752af3b9a6f6aad01
  EXKeepAwake: 8aa32396a5972d26e75e538603aad0f032396503
  EXLinearGradient: 4d727eacb53d19ef25b02dd810e0199b453489ce
  EXManifests: 50e42e01335df4e54109dee7be5a91bfd37347db
  EXPermissions: 7696f4c16e89981f84c04d96327f7e1e592373c0
  Expo: f3357f1f9796d0b4d396d0be84c49933671db4ad
  expo-dev-client: f7417249bbede98f5fa3f151ae49c46cabfce82b
  expo-dev-launcher: 3a2b9470ed2b4ae0c60615f911c347c50cfc2526
  expo-dev-menu: 07e44bd1432b2bdfe249f76c37a090510c5dcebc
  expo-dev-menu-interface: 508467f2ba2aedda7a44e5080cc1e9a43ab7375e
  ExpoModulesCore: 47b403a33ad73770c49d7559615b3ea121a36116
  EXSplashScreen: 57f329dbf25c5c12800feed79068a056453dc772
  EXStructuredHeaders: 873e7f329c2f6279c1b1e0229df59c9861560b53
  EXUpdates: b6c6a7027cd63cd1d8fe0c05662374c97065ec82
  EXUpdatesInterface: e1c01b4f5ec76bd1d6cc714938f9edf5ef6379b9
  FBLazyVector: e686045572151edef46010a6f819ade377dfeb4b
  FBReactNativeSpec: 822131714ef03444d895447f5861d75f36f885e9
  glog: 73c2498ac6884b13ede40eda8228cb1eee9d9d62
  NodeMediaClient: 0f15a8f84c84ec1023ab4a8b3c5c0dff9a7f62d1
  RCT-Folly: ec7a233ccc97cc556cf7237f0db1ff65b986f27c
  RCTRequired: 6d3e854f0e7260a648badd0d44fc364bc9da9728
  RCTTypeSafety: c1f31d19349c6b53085766359caac425926fafaa
  React: bda6b6d7ae912de97d7a61aa5c160db24aa2ad69
  React-callinvoker: 9840ea7e8e88ed73d438edb725574820b29b5baa
  React-Core: b5e385da7ce5f16a220fc60fd0749eae2c6120f0
  React-CoreModules: 17071a4e2c5239b01585f4aa8070141168ab298f
  React-cxxreact: 9be7b6340ed9f7c53e53deca7779f07cd66525ba
  React-jsi: 67747b9722f6dab2ffe15b011bcf6b3f2c3f1427
  React-jsiexecutor: 80c46bd381fd06e418e0d4f53672dc1d1945c4c3
  React-jsinspector: cc614ec18a9ca96fd275100c16d74d62ee11f0ae
  react-native-nodemediaclient: 5e2564acad7b0899a93888bebc507c00575d3020
  react-native-randombytes: 421f1c7d48c0af8dbcd471b0324393ebf8fe7846
  react-native-safe-area-context: 584dc04881deb49474363f3be89e4ca0e854c057
  react-native-video: a4c2635d0802f983594b7057e1bce8f442f0ad28
  react-native-webview: 133a6a5149f963259646e710b4545c67ef35d7c9
  React-perflogger: 25373e382fed75ce768a443822f07098a15ab737
  React-RCTActionSheet: af7796ba49ffe4ca92e7277a5d992d37203f7da5
  React-RCTAnimation: 6a2e76ab50c6f25b428d81b76a5a45351c4d77aa
  React-RCTBlob: 02a2887023e0eed99391b6445b2e23a2a6f9226d
  React-RCTImage: ce5bf8e7438f2286d9b646a05d6ab11f38b0323d
  React-RCTLinking: ccd20742de14e020cb5f99d5c7e0bf0383aefbd9
  React-RCTNetwork: dfb9d089ab0753e5e5f55fc4b1210858f7245647
  React-RCTSettings: b14aef2d83699e48b410fb7c3ba5b66cd3291ae2
  React-RCTText: 41a2e952dd9adc5caf6fb68ed46b275194d5da5f
  React-RCTVibration: 24600e3b1aaa77126989bc58b6747509a1ba14f3
  React-runtimeexecutor: a9904c6d0218fb9f8b19d6dd88607225927668f9
  ReactCommon: 149906e01aa51142707a10665185db879898e966
  RNCAsyncStorage: 26f25150da507524a7815f2ada06ca0967f65633
  RNDevMenu: fd325b5554b61fe7f48d9205a3877cf5ee88cd7c
  RNGestureHandler: a479ebd5ed4221a810967000735517df0d2db211
  RNImageCropPicker: 73891a709e6fd8a47d32104d942757971f220aee
  RNOS: 6f2f9a70895bbbfbdad7196abd952e7b01d45027
  RNPermissions: 5df468064df661a4c8c017e2791ce90d7695eea5
  RNReanimated: 64c38d47ffcc29c97fc1d8cfde9e8a73d7be7cc8
  RNScreens: 6e1ea5787989f92b0671049b808aef64fa1ef98c
  RNSVG: 551acb6562324b1d52a4e0758f7ca0ec234e278f
  RNVectorIcons: bc69e6a278b14842063605de32bec61f0b251a59
  TOCropViewController: 3105367e808b7d3d886a74ff59bf4804e7d3ab38
  Yoga: 575c581c63e0d35c9a83f4b46d01d63abc1100ac

PODFILE CHECKSUM: a15b7b6b7424d3d647c71689837e65400c1f32d6

COCOAPODS: 1.10.1
