# THIS IS AN AUTOGENERATED FILE. DO NOT EDIT THIS FILE DIRECTLY.
# yarn lockfile v1


openzeppelin-solidity@^3.0.2:
  version "3.0.2"
  resolved "https://registry.yarnpkg.com/openzeppelin-solidity/-/openzeppelin-solidity-3.0.2.tgz#9df65b41e51f0044d4b498edbad2dc032c996ba6"
  integrity sha512-cgQDBo1vf6flLVKTeSfQGP4Kk4YFw+KDTO7b7SH/QOQbyPFvZlaqcPLRBbQRBtfuXo6/CBM/0mHn+SlkYRMJfA==
