# THIS IS AN AUTOGENERATED FILE. DO NOT EDIT THIS FILE DIRECTLY.
# yarn lockfile v1


openzeppelin-solidity@^3.0.1:
  version "3.0.1"
  resolved "https://registry.yarnpkg.com/openzeppelin-solidity/-/openzeppelin-solidity-3.0.1.tgz#1f3bfe096e28a76c4aca2529a7133414b61a8943"
  integrity sha512-tDeF+fpu+EmVzFb7IR7XW4bU73V7z3j86GBaPc9ub7nbNqWu32bGnGxgitwFbmybsB7QIPhXTZ+UUlEOQouTOQ==
